// !$*UTF8*$!
{
	archiveVersion = 1;
	classes = {
	};
	objectVersion = 46;
	objects = {

/* Begin PBXBuildFile section */
		04061C5E1BF212C400754E42 /* cnepay_developkit_bt_FMK.framework in Frameworks */ = {isa = PBXBuildFile; fileRef = 04061C5C1BF212C400754E42 /* cnepay_developkit_bt_FMK.framework */; };
		04061C5F1BF212C400754E42 /* StateMachineFMK.framework in Frameworks */ = {isa = PBXBuildFile; fileRef = 04061C5D1BF212C400754E42 /* StateMachineFMK.framework */; };
		049FF8561BD601A300685BC3 /* main.m in Sources */ = {isa = PBXBuildFile; fileRef = 049FF8551BD601A300685BC3 /* main.m */; };
		049FF8591BD601A300685BC3 /* AppDelegate.m in Sources */ = {isa = PBXBuildFile; fileRef = 049FF8581BD601A300685BC3 /* AppDelegate.m */; };
		049FF85F1BD601A300685BC3 /* Main.storyboard in Resources */ = {isa = PBXBuildFile; fileRef = 049FF85D1BD601A300685BC3 /* Main.storyboard */; };
		049FF8611BD601A300685BC3 /* Images.xcassets in Resources */ = {isa = PBXBuildFile; fileRef = 049FF8601BD601A300685BC3 /* Images.xcassets */; };
		049FF8641BD601A300685BC3 /* LaunchScreen.xib in Resources */ = {isa = PBXBuildFile; fileRef = 049FF8621BD601A300685BC3 /* LaunchScreen.xib */; };
		049FF8701BD601A400685BC3 /* HowToUseSDKTests.m in Sources */ = {isa = PBXBuildFile; fileRef = 049FF86F1BD601A400685BC3 /* HowToUseSDKTests.m */; };
		049FF87B1BD601B500685BC3 /* CPEntryViewController.m in Sources */ = {isa = PBXBuildFile; fileRef = 049FF87A1BD601B500685BC3 /* CPEntryViewController.m */; };
		049FF8971BD6060C00685BC3 /* deviceBar.plist in Resources */ = {isa = PBXBuildFile; fileRef = 049FF8951BD6060C00685BC3 /* deviceBar.plist */; };
		049FF8981BD6060C00685BC3 /* SDKResources.bundle in Resources */ = {isa = PBXBuildFile; fileRef = 049FF8961BD6060C00685BC3 /* SDKResources.bundle */; };
/* End PBXBuildFile section */

/* Begin PBXContainerItemProxy section */
		049FF86A1BD601A400685BC3 /* PBXContainerItemProxy */ = {
			isa = PBXContainerItemProxy;
			containerPortal = 049FF8481BD601A300685BC3 /* Project object */;
			proxyType = 1;
			remoteGlobalIDString = 049FF84F1BD601A300685BC3;
			remoteInfo = HowToUseSDK;
		};
/* End PBXContainerItemProxy section */

/* Begin PBXCopyFilesBuildPhase section */
		049FF89B1BD6071200685BC3 /* Embed Frameworks */ = {
			isa = PBXCopyFilesBuildPhase;
			buildActionMask = 2147483647;
			dstPath = "";
			dstSubfolderSpec = 10;
			files = (
			);
			name = "Embed Frameworks";
			runOnlyForDeploymentPostprocessing = 0;
		};
/* End PBXCopyFilesBuildPhase section */

/* Begin PBXFileReference section */
		04061C5C1BF212C400754E42 /* cnepay_developkit_bt_FMK.framework */ = {isa = PBXFileReference; lastKnownFileType = wrapper.framework; path = cnepay_developkit_bt_FMK.framework; sourceTree = "<group>"; };
		04061C5D1BF212C400754E42 /* StateMachineFMK.framework */ = {isa = PBXFileReference; lastKnownFileType = wrapper.framework; path = StateMachineFMK.framework; sourceTree = "<group>"; };
		049FF8501BD601A300685BC3 /* HowToUseSDK.app */ = {isa = PBXFileReference; explicitFileType = wrapper.application; includeInIndex = 0; path = HowToUseSDK.app; sourceTree = BUILT_PRODUCTS_DIR; };
		049FF8541BD601A300685BC3 /* Info.plist */ = {isa = PBXFileReference; lastKnownFileType = text.plist.xml; path = Info.plist; sourceTree = "<group>"; };
		049FF8551BD601A300685BC3 /* main.m */ = {isa = PBXFileReference; lastKnownFileType = sourcecode.c.objc; path = main.m; sourceTree = "<group>"; };
		049FF8571BD601A300685BC3 /* AppDelegate.h */ = {isa = PBXFileReference; lastKnownFileType = sourcecode.c.h; path = AppDelegate.h; sourceTree = "<group>"; };
		049FF8581BD601A300685BC3 /* AppDelegate.m */ = {isa = PBXFileReference; lastKnownFileType = sourcecode.c.objc; path = AppDelegate.m; sourceTree = "<group>"; };
		049FF85E1BD601A300685BC3 /* Base */ = {isa = PBXFileReference; lastKnownFileType = file.storyboard; name = Base; path = Base.lproj/Main.storyboard; sourceTree = "<group>"; };
		049FF8601BD601A300685BC3 /* Images.xcassets */ = {isa = PBXFileReference; lastKnownFileType = folder.assetcatalog; path = Images.xcassets; sourceTree = "<group>"; };
		049FF8631BD601A300685BC3 /* Base */ = {isa = PBXFileReference; lastKnownFileType = file.xib; name = Base; path = Base.lproj/LaunchScreen.xib; sourceTree = "<group>"; };
		049FF8691BD601A400685BC3 /* HowToUseSDKTests.xctest */ = {isa = PBXFileReference; explicitFileType = wrapper.cfbundle; includeInIndex = 0; path = HowToUseSDKTests.xctest; sourceTree = BUILT_PRODUCTS_DIR; };
		049FF86E1BD601A400685BC3 /* Info.plist */ = {isa = PBXFileReference; lastKnownFileType = text.plist.xml; path = Info.plist; sourceTree = "<group>"; };
		049FF86F1BD601A400685BC3 /* HowToUseSDKTests.m */ = {isa = PBXFileReference; lastKnownFileType = sourcecode.c.objc; path = HowToUseSDKTests.m; sourceTree = "<group>"; };
		049FF8791BD601B500685BC3 /* CPEntryViewController.h */ = {isa = PBXFileReference; fileEncoding = 4; lastKnownFileType = sourcecode.c.h; path = CPEntryViewController.h; sourceTree = "<group>"; };
		049FF87A1BD601B500685BC3 /* CPEntryViewController.m */ = {isa = PBXFileReference; fileEncoding = 4; lastKnownFileType = sourcecode.c.objc; path = CPEntryViewController.m; sourceTree = "<group>"; };
		049FF8951BD6060C00685BC3 /* deviceBar.plist */ = {isa = PBXFileReference; fileEncoding = 4; lastKnownFileType = text.plist.xml; path = deviceBar.plist; sourceTree = "<group>"; };
		049FF8961BD6060C00685BC3 /* SDKResources.bundle */ = {isa = PBXFileReference; lastKnownFileType = "wrapper.plug-in"; path = SDKResources.bundle; sourceTree = "<group>"; };
/* End PBXFileReference section */

/* Begin PBXFrameworksBuildPhase section */
		049FF84D1BD601A300685BC3 /* Frameworks */ = {
			isa = PBXFrameworksBuildPhase;
			buildActionMask = 2147483647;
			files = (
				04061C5F1BF212C400754E42 /* StateMachineFMK.framework in Frameworks */,
				04061C5E1BF212C400754E42 /* cnepay_developkit_bt_FMK.framework in Frameworks */,
			);
			runOnlyForDeploymentPostprocessing = 0;
		};
		049FF8661BD601A400685BC3 /* Frameworks */ = {
			isa = PBXFrameworksBuildPhase;
			buildActionMask = 2147483647;
			files = (
			);
			runOnlyForDeploymentPostprocessing = 0;
		};
/* End PBXFrameworksBuildPhase section */

/* Begin PBXGroup section */
		04125DCE1BD62F4F002056A7 /* Framework */ = {
			isa = PBXGroup;
			children = (
				04061C5C1BF212C400754E42 /* cnepay_developkit_bt_FMK.framework */,
				04061C5D1BF212C400754E42 /* StateMachineFMK.framework */,
			);
			name = Framework;
			path = HowToUseSDK/Framework;
			sourceTree = "<group>";
		};
		049FF8471BD601A300685BC3 = {
			isa = PBXGroup;
			children = (
				04125DCE1BD62F4F002056A7 /* Framework */,
				049FF8521BD601A300685BC3 /* HowToUseSDK */,
				049FF86C1BD601A400685BC3 /* HowToUseSDKTests */,
				049FF8511BD601A300685BC3 /* Products */,
			);
			sourceTree = "<group>";
		};
		049FF8511BD601A300685BC3 /* Products */ = {
			isa = PBXGroup;
			children = (
				049FF8501BD601A300685BC3 /* HowToUseSDK.app */,
				049FF8691BD601A400685BC3 /* HowToUseSDKTests.xctest */,
			);
			name = Products;
			sourceTree = "<group>";
		};
		049FF8521BD601A300685BC3 /* HowToUseSDK */ = {
			isa = PBXGroup;
			children = (
				049FF8571BD601A300685BC3 /* AppDelegate.h */,
				049FF8581BD601A300685BC3 /* AppDelegate.m */,
				049FF8791BD601B500685BC3 /* CPEntryViewController.h */,
				049FF87A1BD601B500685BC3 /* CPEntryViewController.m */,
				049FF8941BD6060C00685BC3 /* Resource */,
				049FF85D1BD601A300685BC3 /* Main.storyboard */,
				049FF8601BD601A300685BC3 /* Images.xcassets */,
				049FF8621BD601A300685BC3 /* LaunchScreen.xib */,
				049FF8531BD601A300685BC3 /* Supporting Files */,
			);
			path = HowToUseSDK;
			sourceTree = "<group>";
		};
		049FF8531BD601A300685BC3 /* Supporting Files */ = {
			isa = PBXGroup;
			children = (
				049FF8541BD601A300685BC3 /* Info.plist */,
				049FF8551BD601A300685BC3 /* main.m */,
			);
			name = "Supporting Files";
			sourceTree = "<group>";
		};
		049FF86C1BD601A400685BC3 /* HowToUseSDKTests */ = {
			isa = PBXGroup;
			children = (
				049FF86F1BD601A400685BC3 /* HowToUseSDKTests.m */,
				049FF86D1BD601A400685BC3 /* Supporting Files */,
			);
			path = HowToUseSDKTests;
			sourceTree = "<group>";
		};
		049FF86D1BD601A400685BC3 /* Supporting Files */ = {
			isa = PBXGroup;
			children = (
				049FF86E1BD601A400685BC3 /* Info.plist */,
			);
			name = "Supporting Files";
			sourceTree = "<group>";
		};
		049FF8941BD6060C00685BC3 /* Resource */ = {
			isa = PBXGroup;
			children = (
				049FF8951BD6060C00685BC3 /* deviceBar.plist */,
				049FF8961BD6060C00685BC3 /* SDKResources.bundle */,
			);
			path = Resource;
			sourceTree = "<group>";
		};
/* End PBXGroup section */

/* Begin PBXNativeTarget section */
		049FF84F1BD601A300685BC3 /* HowToUseSDK */ = {
			isa = PBXNativeTarget;
			buildConfigurationList = 049FF8731BD601A400685BC3 /* Build configuration list for PBXNativeTarget "HowToUseSDK" */;
			buildPhases = (
				049FF84C1BD601A300685BC3 /* Sources */,
				049FF84D1BD601A300685BC3 /* Frameworks */,
				049FF84E1BD601A300685BC3 /* Resources */,
				049FF89B1BD6071200685BC3 /* Embed Frameworks */,
				040D93B81BF07CC400E5E8E6 /* ShellScript */,
			);
			buildRules = (
			);
			dependencies = (
			);
			name = HowToUseSDK;
			productName = HowToUseSDK;
			productReference = 049FF8501BD601A300685BC3 /* HowToUseSDK.app */;
			productType = "com.apple.product-type.application";
		};
		049FF8681BD601A400685BC3 /* HowToUseSDKTests */ = {
			isa = PBXNativeTarget;
			buildConfigurationList = 049FF8761BD601A400685BC3 /* Build configuration list for PBXNativeTarget "HowToUseSDKTests" */;
			buildPhases = (
				049FF8651BD601A400685BC3 /* Sources */,
				049FF8661BD601A400685BC3 /* Frameworks */,
				049FF8671BD601A400685BC3 /* Resources */,
			);
			buildRules = (
			);
			dependencies = (
				049FF86B1BD601A400685BC3 /* PBXTargetDependency */,
			);
			name = HowToUseSDKTests;
			productName = HowToUseSDKTests;
			productReference = 049FF8691BD601A400685BC3 /* HowToUseSDKTests.xctest */;
			productType = "com.apple.product-type.bundle.unit-test";
		};
/* End PBXNativeTarget section */

/* Begin PBXProject section */
		049FF8481BD601A300685BC3 /* Project object */ = {
			isa = PBXProject;
			attributes = {
				LastUpgradeCheck = 0640;
				ORGANIZATIONNAME = Cnepay;
				TargetAttributes = {
					049FF84F1BD601A300685BC3 = {
						CreatedOnToolsVersion = 6.4;
					};
					049FF8681BD601A400685BC3 = {
						CreatedOnToolsVersion = 6.4;
						TestTargetID = 049FF84F1BD601A300685BC3;
					};
				};
			};
			buildConfigurationList = 049FF84B1BD601A300685BC3 /* Build configuration list for PBXProject "HowToUseSDK" */;
			compatibilityVersion = "Xcode 3.2";
			developmentRegion = English;
			hasScannedForEncodings = 0;
			knownRegions = (
				en,
				Base,
			);
			mainGroup = 049FF8471BD601A300685BC3;
			productRefGroup = 049FF8511BD601A300685BC3 /* Products */;
			projectDirPath = "";
			projectRoot = "";
			targets = (
				049FF84F1BD601A300685BC3 /* HowToUseSDK */,
				049FF8681BD601A400685BC3 /* HowToUseSDKTests */,
			);
		};
/* End PBXProject section */

/* Begin PBXResourcesBuildPhase section */
		049FF84E1BD601A300685BC3 /* Resources */ = {
			isa = PBXResourcesBuildPhase;
			buildActionMask = 2147483647;
			files = (
				049FF85F1BD601A300685BC3 /* Main.storyboard in Resources */,
				049FF8981BD6060C00685BC3 /* SDKResources.bundle in Resources */,
				049FF8641BD601A300685BC3 /* LaunchScreen.xib in Resources */,
				049FF8971BD6060C00685BC3 /* deviceBar.plist in Resources */,
				049FF8611BD601A300685BC3 /* Images.xcassets in Resources */,
			);
			runOnlyForDeploymentPostprocessing = 0;
		};
		049FF8671BD601A400685BC3 /* Resources */ = {
			isa = PBXResourcesBuildPhase;
			buildActionMask = 2147483647;
			files = (
			);
			runOnlyForDeploymentPostprocessing = 0;
		};
/* End PBXResourcesBuildPhase section */

/* Begin PBXShellScriptBuildPhase section */
		040D93B81BF07CC400E5E8E6 /* ShellScript */ = {
			isa = PBXShellScriptBuildPhase;
			buildActionMask = 12;
			files = (
			);
			inputPaths = (
			);
			outputPaths = (
			);
			runOnlyForDeploymentPostprocessing = 0;
			shellPath = /bin/sh;
			shellScript = "shortVersionForePart=\"1.1.\"\nbuildNumber=$(git rev-list HEAD | wc -l | awk '{print $1}')\nshortVersionNumber=\"${shortVersionForePart}${buildNumber}\"\necho $INFOPLIST_FILE\n/usr/libexec/PlistBuddy -c \"Set :CFBundleVersion $buildNumber\" \"$INFOPLIST_FILE\"\n/usr/libexec/PlistBuddy -c \"Set :CFBundleShortVersionString $shortVersionNumber\" \"$INFOPLIST_FILE\"\n";
		};
/* End PBXShellScriptBuildPhase section */

/* Begin PBXSourcesBuildPhase section */
		049FF84C1BD601A300685BC3 /* Sources */ = {
			isa = PBXSourcesBuildPhase;
			buildActionMask = 2147483647;
			files = (
				049FF8591BD601A300685BC3 /* AppDelegate.m in Sources */,
				049FF87B1BD601B500685BC3 /* CPEntryViewController.m in Sources */,
				049FF8561BD601A300685BC3 /* main.m in Sources */,
			);
			runOnlyForDeploymentPostprocessing = 0;
		};
		049FF8651BD601A400685BC3 /* Sources */ = {
			isa = PBXSourcesBuildPhase;
			buildActionMask = 2147483647;
			files = (
				049FF8701BD601A400685BC3 /* HowToUseSDKTests.m in Sources */,
			);
			runOnlyForDeploymentPostprocessing = 0;
		};
/* End PBXSourcesBuildPhase section */

/* Begin PBXTargetDependency section */
		049FF86B1BD601A400685BC3 /* PBXTargetDependency */ = {
			isa = PBXTargetDependency;
			target = 049FF84F1BD601A300685BC3 /* HowToUseSDK */;
			targetProxy = 049FF86A1BD601A400685BC3 /* PBXContainerItemProxy */;
		};
/* End PBXTargetDependency section */

/* Begin PBXVariantGroup section */
		049FF85D1BD601A300685BC3 /* Main.storyboard */ = {
			isa = PBXVariantGroup;
			children = (
				049FF85E1BD601A300685BC3 /* Base */,
			);
			name = Main.storyboard;
			sourceTree = "<group>";
		};
		049FF8621BD601A300685BC3 /* LaunchScreen.xib */ = {
			isa = PBXVariantGroup;
			children = (
				049FF8631BD601A300685BC3 /* Base */,
			);
			name = LaunchScreen.xib;
			sourceTree = "<group>";
		};
/* End PBXVariantGroup section */

/* Begin XCBuildConfiguration section */
		049FF8711BD601A400685BC3 /* Debug */ = {
			isa = XCBuildConfiguration;
			buildSettings = {
				ALWAYS_SEARCH_USER_PATHS = NO;
				CLANG_CXX_LANGUAGE_STANDARD = "gnu++0x";
				CLANG_CXX_LIBRARY = "libc++";
				CLANG_ENABLE_MODULES = YES;
				CLANG_ENABLE_OBJC_ARC = YES;
				CLANG_WARN_BOOL_CONVERSION = YES;
				CLANG_WARN_CONSTANT_CONVERSION = YES;
				CLANG_WARN_DIRECT_OBJC_ISA_USAGE = YES_ERROR;
				CLANG_WARN_EMPTY_BODY = YES;
				CLANG_WARN_ENUM_CONVERSION = YES;
				CLANG_WARN_INT_CONVERSION = YES;
				CLANG_WARN_OBJC_ROOT_CLASS = YES_ERROR;
				CLANG_WARN_UNREACHABLE_CODE = YES;
				CLANG_WARN__DUPLICATE_METHOD_MATCH = YES;
				"CODE_SIGN_IDENTITY[sdk=iphoneos*]" = "iPhone Developer";
				COPY_PHASE_STRIP = NO;
				DEBUG_INFORMATION_FORMAT = "dwarf-with-dsym";
				ENABLE_STRICT_OBJC_MSGSEND = YES;
				GCC_C_LANGUAGE_STANDARD = gnu99;
				GCC_DYNAMIC_NO_PIC = NO;
				GCC_NO_COMMON_BLOCKS = YES;
				GCC_OPTIMIZATION_LEVEL = 0;
				GCC_PREPROCESSOR_DEFINITIONS = (
					"DEBUG=1",
					"$(inherited)",
				);
				GCC_SYMBOLS_PRIVATE_EXTERN = NO;
				GCC_WARN_64_TO_32_BIT_CONVERSION = YES;
				GCC_WARN_ABOUT_RETURN_TYPE = YES_ERROR;
				GCC_WARN_UNDECLARED_SELECTOR = YES;
				GCC_WARN_UNINITIALIZED_AUTOS = YES_AGGRESSIVE;
				GCC_WARN_UNUSED_FUNCTION = YES;
				GCC_WARN_UNUSED_VARIABLE = YES;
				IPHONEOS_DEPLOYMENT_TARGET = 8.4;
				MTL_ENABLE_DEBUG_INFO = YES;
				ONLY_ACTIVE_ARCH = YES;
				SDKROOT = iphoneos;
				TARGETED_DEVICE_FAMILY = "1,2";
			};
			name = Debug;
		};
		049FF8721BD601A400685BC3 /* Release */ = {
			isa = XCBuildConfiguration;
			buildSettings = {
				ALWAYS_SEARCH_USER_PATHS = NO;
				CLANG_CXX_LANGUAGE_STANDARD = "gnu++0x";
				CLANG_CXX_LIBRARY = "libc++";
				CLANG_ENABLE_MODULES = YES;
				CLANG_ENABLE_OBJC_ARC = YES;
				CLANG_WARN_BOOL_CONVERSION = YES;
				CLANG_WARN_CONSTANT_CONVERSION = YES;
				CLANG_WARN_DIRECT_OBJC_ISA_USAGE = YES_ERROR;
				CLANG_WARN_EMPTY_BODY = YES;
				CLANG_WARN_ENUM_CONVERSION = YES;
				CLANG_WARN_INT_CONVERSION = YES;
				CLANG_WARN_OBJC_ROOT_CLASS = YES_ERROR;
				CLANG_WARN_UNREACHABLE_CODE = YES;
				CLANG_WARN__DUPLICATE_METHOD_MATCH = YES;
				"CODE_SIGN_IDENTITY[sdk=iphoneos*]" = "iPhone Developer";
				COPY_PHASE_STRIP = NO;
				DEBUG_INFORMATION_FORMAT = "dwarf-with-dsym";
				ENABLE_NS_ASSERTIONS = NO;
				ENABLE_STRICT_OBJC_MSGSEND = YES;
				GCC_C_LANGUAGE_STANDARD = gnu99;
				GCC_NO_COMMON_BLOCKS = YES;
				GCC_WARN_64_TO_32_BIT_CONVERSION = YES;
				GCC_WARN_ABOUT_RETURN_TYPE = YES_ERROR;
				GCC_WARN_UNDECLARED_SELECTOR = YES;
				GCC_WARN_UNINITIALIZED_AUTOS = YES_AGGRESSIVE;
				GCC_WARN_UNUSED_FUNCTION = YES;
				GCC_WARN_UNUSED_VARIABLE = YES;
				IPHONEOS_DEPLOYMENT_TARGET = 8.4;
				MTL_ENABLE_DEBUG_INFO = NO;
				SDKROOT = iphoneos;
				TARGETED_DEVICE_FAMILY = "1,2";
				VALIDATE_PRODUCT = YES;
			};
			name = Release;
		};
		049FF8741BD601A400685BC3 /* Debug */ = {
			isa = XCBuildConfiguration;
			buildSettings = {
				ASSETCATALOG_COMPILER_APPICON_NAME = AppIcon;
				FRAMEWORK_SEARCH_PATHS = (
					"$(inherited)",
					"$(PROJECT_DIR)/HowToUseSDK/Framework",
					"/Users/cnepay/Documents/SDKJob/SDKDemo/build/SGTest-iphoneos",
				);
				INFOPLIST_FILE = HowToUseSDK/Info.plist;
				IPHONEOS_DEPLOYMENT_TARGET = 7.0;
				LD_RUNPATH_SEARCH_PATHS = "$(inherited) @executable_path/Frameworks";
				OTHER_LDFLAGS = "";
				PRODUCT_NAME = "$(TARGET_NAME)";
				PROVISIONING_PROFILE = "41212b9a-f1f7-47a9-ac34-0ae5279d03ed";
			};
			name = Debug;
		};
		049FF8751BD601A400685BC3 /* Release */ = {
			isa = XCBuildConfiguration;
			buildSettings = {
				ASSETCATALOG_COMPILER_APPICON_NAME = AppIcon;
				FRAMEWORK_SEARCH_PATHS = (
					"$(inherited)",
					"$(PROJECT_DIR)/HowToUseSDK/Framework",
					"/Users/cnepay/Documents/SDKJob/SDKDemo/build/SGTest-iphoneos",
				);
				INFOPLIST_FILE = HowToUseSDK/Info.plist;
				IPHONEOS_DEPLOYMENT_TARGET = 7.0;
				LD_RUNPATH_SEARCH_PATHS = "$(inherited) @executable_path/Frameworks";
				OTHER_LDFLAGS = "";
				PRODUCT_NAME = "$(TARGET_NAME)";
				PROVISIONING_PROFILE = "41212b9a-f1f7-47a9-ac34-0ae5279d03ed";
			};
			name = Release;
		};
		049FF8771BD601A400685BC3 /* Debug */ = {
			isa = XCBuildConfiguration;
			buildSettings = {
				BUNDLE_LOADER = "$(TEST_HOST)";
				FRAMEWORK_SEARCH_PATHS = (
					"$(SDKROOT)/Developer/Library/Frameworks",
					"$(inherited)",
				);
				GCC_PREPROCESSOR_DEFINITIONS = (
					"DEBUG=1",
					"$(inherited)",
				);
				INFOPLIST_FILE = HowToUseSDKTests/Info.plist;
				LD_RUNPATH_SEARCH_PATHS = "$(inherited) @executable_path/Frameworks @loader_path/Frameworks";
				PRODUCT_NAME = "$(TARGET_NAME)";
				TEST_HOST = "$(BUILT_PRODUCTS_DIR)/HowToUseSDK.app/HowToUseSDK";
			};
			name = Debug;
		};
		049FF8781BD601A400685BC3 /* Release */ = {
			isa = XCBuildConfiguration;
			buildSettings = {
				BUNDLE_LOADER = "$(TEST_HOST)";
				FRAMEWORK_SEARCH_PATHS = (
					"$(SDKROOT)/Developer/Library/Frameworks",
					"$(inherited)",
				);
				INFOPLIST_FILE = HowToUseSDKTests/Info.plist;
				LD_RUNPATH_SEARCH_PATHS = "$(inherited) @executable_path/Frameworks @loader_path/Frameworks";
				PRODUCT_NAME = "$(TARGET_NAME)";
				TEST_HOST = "$(BUILT_PRODUCTS_DIR)/HowToUseSDK.app/HowToUseSDK";
			};
			name = Release;
		};
/* End XCBuildConfiguration section */

/* Begin XCConfigurationList section */
		049FF84B1BD601A300685BC3 /* Build configuration list for PBXProject "HowToUseSDK" */ = {
			isa = XCConfigurationList;
			buildConfigurations = (
				049FF8711BD601A400685BC3 /* Debug */,
				049FF8721BD601A400685BC3 /* Release */,
			);
			defaultConfigurationIsVisible = 0;
			defaultConfigurationName = Release;
		};
		049FF8731BD601A400685BC3 /* Build configuration list for PBXNativeTarget "HowToUseSDK" */ = {
			isa = XCConfigurationList;
			buildConfigurations = (
				049FF8741BD601A400685BC3 /* Debug */,
				049FF8751BD601A400685BC3 /* Release */,
			);
			defaultConfigurationIsVisible = 0;
			defaultConfigurationName = Release;
		};
		049FF8761BD601A400685BC3 /* Build configuration list for PBXNativeTarget "HowToUseSDKTests" */ = {
			isa = XCConfigurationList;
			buildConfigurations = (
				049FF8771BD601A400685BC3 /* Debug */,
				049FF8781BD601A400685BC3 /* Release */,
			);
			defaultConfigurationIsVisible = 0;
			defaultConfigurationName = Release;
		};
/* End XCConfigurationList section */
	};
	rootObject = 049FF8481BD601A300685BC3 /* Project object */;
}
